
Microsoft Visual Studio Solution File, Format Version 12.00
# Visual Studio Version 18
VisualStudioVersion = 18.6.11819.183 stable
MinimumVisualStudioVersion = 10.0.40219.1
Project("{FAE04EC0-301F-11D3-BF4B-00C04F79EFBC}") = "SC2ModManager", "SC2ModManager\SC2ModManager.csproj", "{19016D9F-C74A-472E-BCC3-C937FAD6A40B}"
EndProject
Project("{FAE04EC0-301F-11D3-BF4B-00C04F79EFBC}") = "SC2MMUpdater", "SC2MMUpdater\SC2MMUpdater.csproj", "{B7B61A49-5AEE-4817-B888-0D367D076808}"
EndProject
Project("{FAE04EC0-301F-11D3-BF4B-00C04F79EFBC}") = "SC2ReplayParser", "SC2ReplayParser\SC2ReplayParser.csproj", "{CBA1F888-30EB-9991-32EA-1B2D24C9B868}"
EndProject
Project("{8BC9CEB8-8B4A-11D0-8D11-00A0C91BC942}") = "Injector32Helper", "Injector32Helper\Injector32Helper.vcxproj", "{0CE874C6-75BA-4EB0-A99C-6C9A9234D4B3}"
EndProject
Global
	GlobalSection(SolutionConfigurationPlatforms) = preSolution
		Debug|Any CPU = Debug|Any CPU
		Debug|x64 = Debug|x64
		Debug|x86 = Debug|x86
		Release|Any CPU = Release|Any CPU
		Release|x64 = Release|x64
		Release|x86 = Release|x86
	EndGlobalSection
	GlobalSection(ProjectConfigurationPlatforms) = postSolution
		{19016D9F-C74A-472E-BCC3-C937FAD6A40B}.Debug|Any CPU.ActiveCfg = Debug|Any CPU
		{19016D9F-C74A-472E-BCC3-C937FAD6A40B}.Debug|Any CPU.Build.0 = Debug|Any CPU
		{19016D9F-C74A-472E-BCC3-C937FAD6A40B}.Debug|x64.ActiveCfg = Debug|Any CPU
		{19016D9F-C74A-472E-BCC3-C937FAD6A40B}.Debug|x64.Build.0 = Debug|Any CPU
		{19016D9F-C74A-472E-BCC3-C937FAD6A40B}.Debug|x86.ActiveCfg = Debug|Any CPU
		{19016D9F-C74A-472E-BCC3-C937FAD6A40B}.Debug|x86.Build.0 = Debug|Any CPU
		{19016D9F-C74A-472E-BCC3-C937FAD6A40B}.Release|Any CPU.ActiveCfg = Release|Any CPU
		{19016D9F-C74A-472E-BCC3-C937FAD6A40B}.Release|Any CPU.Build.0 = Release|Any CPU
		{19016D9F-C74A-472E-BCC3-C937FAD6A40B}.Release|x64.ActiveCfg = Release|Any CPU
		{19016D9F-C74A-472E-BCC3-C937FAD6A40B}.Release|x64.Build.0 = Release|Any CPU
		{19016D9F-C74A-472E-BCC3-C937FAD6A40B}.Release|x86.ActiveCfg = Release|Any CPU
		{19016D9F-C74A-472E-BCC3-C937FAD6A40B}.Release|x86.Build.0 = Release|Any CPU
		{B7B61A49-5AEE-4817-B888-0D367D076808}.Debug|Any CPU.ActiveCfg = Debug|Any CPU
		{B7B61A49-5AEE-4817-B888-0D367D076808}.Debug|Any CPU.Build.0 = Debug|Any CPU
		{B7B61A49-5AEE-4817-B888-0D367D076808}.Debug|x64.ActiveCfg = Debug|Any CPU
		{B7B61A49-5AEE-4817-B888-0D367D076808}.Debug|x64.Build.0 = Debug|Any CPU
		{B7B61A49-5AEE-4817-B888-0D367D076808}.Debug|x86.ActiveCfg = Debug|Any CPU
		{B7B61A49-5AEE-4817-B888-0D367D076808}.Debug|x86.Build.0 = Debug|Any CPU
		{B7B61A49-5AEE-4817-B888-0D367D076808}.Release|Any CPU.ActiveCfg = Release|Any CPU
		{B7B61A49-5AEE-4817-B888-0D367D076808}.Release|Any CPU.Build.0 = Release|Any CPU
		{B7B61A49-5AEE-4817-B888-0D367D076808}.Release|x64.ActiveCfg = Release|Any CPU
		{B7B61A49-5AEE-4817-B888-0D367D076808}.Release|x64.Build.0 = Release|Any CPU
		{B7B61A49-5AEE-4817-B888-0D367D076808}.Release|x86.ActiveCfg = Release|Any CPU
		{B7B61A49-5AEE-4817-B888-0D367D076808}.Release|x86.Build.0 = Release|Any CPU
		{0CE874C6-75BA-4EB0-A99C-6C9A9234D4B3}.Debug|Any CPU.ActiveCfg = Debug|x64
		{0CE874C6-75BA-4EB0-A99C-6C9A9234D4B3}.Debug|Any CPU.Build.0 = Debug|x64
		{0CE874C6-75BA-4EB0-A99C-6C9A9234D4B3}.Debug|x64.ActiveCfg = Debug|x64
		{0CE874C6-75BA-4EB0-A99C-6C9A9234D4B3}.Debug|x64.Build.0 = Debug|x64
		{0CE874C6-75BA-4EB0-A99C-6C9A9234D4B3}.Debug|x86.ActiveCfg = Debug|Win32
		{0CE874C6-75BA-4EB0-A99C-6C9A9234D4B3}.Debug|x86.Build.0 = Debug|Win32
		{0CE874C6-75BA-4EB0-A99C-6C9A9234D4B3}.Release|Any CPU.ActiveCfg = Release|x64
		{0CE874C6-75BA-4EB0-A99C-6C9A9234D4B3}.Release|Any CPU.Build.0 = Release|x64
		{0CE874C6-75BA-4EB0-A99C-6C9A9234D4B3}.Release|x64.ActiveCfg = Release|x64
		{0CE874C6-75BA-4EB0-A99C-6C9A9234D4B3}.Release|x64.Build.0 = Release|x64
		{0CE874C6-75BA-4EB0-A99C-6C9A9234D4B3}.Release|x86.ActiveCfg = Release|Win32
		{0CE874C6-75BA-4EB0-A99C-6C9A9234D4B3}.Release|x86.Build.0 = Release|Win32
		{CBA1F888-30EB-9991-32EA-1B2D24C9B868}.Debug|Any CPU.ActiveCfg = Debug|Any CPU
		{CBA1F888-30EB-9991-32EA-1B2D24C9B868}.Debug|Any CPU.Build.0 = Debug|Any CPU
		{CBA1F888-30EB-9991-32EA-1B2D24C9B868}.Release|Any CPU.ActiveCfg = Release|Any CPU
		{CBA1F888-30EB-9991-32EA-1B2D24C9B868}.Release|Any CPU.Build.0 = Release|Any CPU
	EndGlobalSection
	GlobalSection(SolutionProperties) = preSolution
		HideSolutionNode = FALSE
	EndGlobalSection
	GlobalSection(ExtensibilityGlobals) = postSolution
		SolutionGuid = {62882FD3-3F6E-4344-B0C3-E01E309D9A7B}
	EndGlobalSection
EndGlobal
